
Microsoft Visual Studio Solution File, Format Version 12.00
# Visual Studio 2013
VisualStudioVersion = 12.0.30110.0
MinimumVisualStudioVersion = 10.0.40219.1
Project("{FAE04EC0-301F-11D3-BF4B-00C04F79EFBC}") = "iFSA.Service.Core.Server", "iFSA.Service.Core.Server\iFSA.Service.Core.Server.csproj", "{CFA78E2A-04A9-4537-9B3B-8A5D142F585B}"
EndProject
Project("{FAE04EC0-301F-11D3-BF4B-00C04F79EFBC}") = "iFSA.ConsoleServer", "iFSA.ConsoleServer\iFSA.ConsoleServer.csproj", "{13FE3F7E-07A0-4EDB-B2F8-291FF10EB93D}"
EndProject
Project("{FAE04EC0-301F-11D3-BF4B-00C04F79EFBC}") = "iFSA.Win8Client", "iFSA.Win8Client\iFSA.Win8Client.csproj", "{4C5F0406-3ECC-4571-9B42-8D3C006A988B}"
EndProject
Project("{FAE04EC0-301F-11D3-BF4B-00C04F79EFBC}") = "iFSA.ConsoleClient", "iFSA.ConsoleClient\iFSA.ConsoleClient.csproj", "{A7836829-6C97-4646-89B5-3876DEA2553F}"
EndProject
Project("{FAE04EC0-301F-11D3-BF4B-00C04F79EFBC}") = "iFSA.Service.Core", "iFSA.Service.Core\iFSA.Service.Core.csproj", "{7A065425-5525-4F06-B77C-B1011CB0BD5C}"
EndProject
Project("{FAE04EC0-301F-11D3-BF4B-00C04F79EFBC}") = "iFSA.Service.Logs.Server", "iFSA.Service.Logs.Server\iFSA.Service.Logs.Server.csproj", "{9FC91318-DAC5-4590-B380-793AFCA0DA5F}"
EndProject
Project("{FAE04EC0-301F-11D3-BF4B-00C04F79EFBC}") = "iFSA.Service.Logs.Client", "iFSA.Service.Logs.Client\iFSA.Service.Logs.Client.csproj", "{908C5A53-D6C6-4CF4-93A2-56F1AF95836B}"
EndProject
Project("{FAE04EC0-301F-11D3-BF4B-00C04F79EFBC}") = "iFSA.Service.Update.Client", "iFSA.Service.Update.Client\iFSA.Service.Update.Client.csproj", "{12002FF5-528C-4B54-B6CB-03D126F253D3}"
EndProject
Project("{FAE04EC0-301F-11D3-BF4B-00C04F79EFBC}") = "iFSA.Service.Update.Server", "iFSA.Service.Update.Server\iFSA.Service.Update.Server.csproj", "{BD0DB0F8-1AD4-43B1-AB3E-48518E22C1EB}"
EndProject
Global
	GlobalSection(SolutionConfigurationPlatforms) = preSolution
		Debug|Any CPU = Debug|Any CPU
		Debug|ARM = Debug|ARM
		Debug|x64 = Debug|x64
		Debug|x86 = Debug|x86
		Release|Any CPU = Release|Any CPU
		Release|ARM = Release|ARM
		Release|x64 = Release|x64
		Release|x86 = Release|x86
	EndGlobalSection
	GlobalSection(ProjectConfigurationPlatforms) = postSolution
		{CFA78E2A-04A9-4537-9B3B-8A5D142F585B}.Debug|Any CPU.ActiveCfg = Debug|Any CPU
		{CFA78E2A-04A9-4537-9B3B-8A5D142F585B}.Debug|Any CPU.Build.0 = Debug|Any CPU
		{CFA78E2A-04A9-4537-9B3B-8A5D142F585B}.Debug|ARM.ActiveCfg = Debug|Any CPU
		{CFA78E2A-04A9-4537-9B3B-8A5D142F585B}.Debug|x64.ActiveCfg = Debug|Any CPU
		{CFA78E2A-04A9-4537-9B3B-8A5D142F585B}.Debug|x86.ActiveCfg = Debug|Any CPU
		{CFA78E2A-04A9-4537-9B3B-8A5D142F585B}.Release|Any CPU.ActiveCfg = Release|Any CPU
		{CFA78E2A-04A9-4537-9B3B-8A5D142F585B}.Release|Any CPU.Build.0 = Release|Any CPU
		{CFA78E2A-04A9-4537-9B3B-8A5D142F585B}.Release|ARM.ActiveCfg = Release|Any CPU
		{CFA78E2A-04A9-4537-9B3B-8A5D142F585B}.Release|x64.ActiveCfg = Release|Any CPU
		{CFA78E2A-04A9-4537-9B3B-8A5D142F585B}.Release|x86.ActiveCfg = Release|Any CPU
		{13FE3F7E-07A0-4EDB-B2F8-291FF10EB93D}.Debug|Any CPU.ActiveCfg = Debug|Any CPU
		{13FE3F7E-07A0-4EDB-B2F8-291FF10EB93D}.Debug|Any CPU.Build.0 = Debug|Any CPU
		{13FE3F7E-07A0-4EDB-B2F8-291FF10EB93D}.Debug|ARM.ActiveCfg = Debug|Any CPU
		{13FE3F7E-07A0-4EDB-B2F8-291FF10EB93D}.Debug|x64.ActiveCfg = Debug|Any CPU
		{13FE3F7E-07A0-4EDB-B2F8-291FF10EB93D}.Debug|x86.ActiveCfg = Debug|Any CPU
		{13FE3F7E-07A0-4EDB-B2F8-291FF10EB93D}.Release|Any CPU.ActiveCfg = Release|Any CPU
		{13FE3F7E-07A0-4EDB-B2F8-291FF10EB93D}.Release|Any CPU.Build.0 = Release|Any CPU
		{13FE3F7E-07A0-4EDB-B2F8-291FF10EB93D}.Release|ARM.ActiveCfg = Release|Any CPU
		{13FE3F7E-07A0-4EDB-B2F8-291FF10EB93D}.Release|x64.ActiveCfg = Release|Any CPU
		{13FE3F7E-07A0-4EDB-B2F8-291FF10EB93D}.Release|x86.ActiveCfg = Release|Any CPU
		{4C5F0406-3ECC-4571-9B42-8D3C006A988B}.Debug|Any CPU.ActiveCfg = Debug|Any CPU
		{4C5F0406-3ECC-4571-9B42-8D3C006A988B}.Debug|Any CPU.Build.0 = Debug|Any CPU
		{4C5F0406-3ECC-4571-9B42-8D3C006A988B}.Debug|Any CPU.Deploy.0 = Debug|Any CPU
		{4C5F0406-3ECC-4571-9B42-8D3C006A988B}.Debug|ARM.ActiveCfg = Debug|ARM
		{4C5F0406-3ECC-4571-9B42-8D3C006A988B}.Debug|ARM.Build.0 = Debug|ARM
		{4C5F0406-3ECC-4571-9B42-8D3C006A988B}.Debug|ARM.Deploy.0 = Debug|ARM
		{4C5F0406-3ECC-4571-9B42-8D3C006A988B}.Debug|x64.ActiveCfg = Debug|x64
		{4C5F0406-3ECC-4571-9B42-8D3C006A988B}.Debug|x64.Build.0 = Debug|x64
		{4C5F0406-3ECC-4571-9B42-8D3C006A988B}.Debug|x64.Deploy.0 = Debug|x64
		{4C5F0406-3ECC-4571-9B42-8D3C006A988B}.Debug|x86.ActiveCfg = Debug|x86
		{4C5F0406-3ECC-4571-9B42-8D3C006A988B}.Debug|x86.Build.0 = Debug|x86
		{4C5F0406-3ECC-4571-9B42-8D3C006A988B}.Debug|x86.Deploy.0 = Debug|x86
		{4C5F0406-3ECC-4571-9B42-8D3C006A988B}.Release|Any CPU.ActiveCfg = Release|Any CPU
		{4C5F0406-3ECC-4571-9B42-8D3C006A988B}.Release|Any CPU.Build.0 = Release|Any CPU
		{4C5F0406-3ECC-4571-9B42-8D3C006A988B}.Release|Any CPU.Deploy.0 = Release|Any CPU
		{4C5F0406-3ECC-4571-9B42-8D3C006A988B}.Release|ARM.ActiveCfg = Release|ARM
		{4C5F0406-3ECC-4571-9B42-8D3C006A988B}.Release|ARM.Build.0 = Release|ARM
		{4C5F0406-3ECC-4571-9B42-8D3C006A988B}.Release|ARM.Deploy.0 = Release|ARM
		{4C5F0406-3ECC-4571-9B42-8D3C006A988B}.Release|x64.ActiveCfg = Release|x64
		{4C5F0406-3ECC-4571-9B42-8D3C006A988B}.Release|x64.Build.0 = Release|x64
		{4C5F0406-3ECC-4571-9B42-8D3C006A988B}.Release|x64.Deploy.0 = Release|x64
		{4C5F0406-3ECC-4571-9B42-8D3C006A988B}.Release|x86.ActiveCfg = Release|x86
		{4C5F0406-3ECC-4571-9B42-8D3C006A988B}.Release|x86.Build.0 = Release|x86
		{4C5F0406-3ECC-4571-9B42-8D3C006A988B}.Release|x86.Deploy.0 = Release|x86
		{A7836829-6C97-4646-89B5-3876DEA2553F}.Debug|Any CPU.ActiveCfg = Debug|Any CPU
		{A7836829-6C97-4646-89B5-3876DEA2553F}.Debug|Any CPU.Build.0 = Debug|Any CPU
		{A7836829-6C97-4646-89B5-3876DEA2553F}.Debug|ARM.ActiveCfg = Debug|Any CPU
		{A7836829-6C97-4646-89B5-3876DEA2553F}.Debug|x64.ActiveCfg = Debug|Any CPU
		{A7836829-6C97-4646-89B5-3876DEA2553F}.Debug|x86.ActiveCfg = Debug|Any CPU
		{A7836829-6C97-4646-89B5-3876DEA2553F}.Release|Any CPU.ActiveCfg = Release|Any CPU
		{A7836829-6C97-4646-89B5-3876DEA2553F}.Release|Any CPU.Build.0 = Release|Any CPU
		{A7836829-6C97-4646-89B5-3876DEA2553F}.Release|ARM.ActiveCfg = Release|Any CPU
		{A7836829-6C97-4646-89B5-3876DEA2553F}.Release|x64.ActiveCfg = Release|Any CPU
		{A7836829-6C97-4646-89B5-3876DEA2553F}.Release|x86.ActiveCfg = Release|Any CPU
		{7A065425-5525-4F06-B77C-B1011CB0BD5C}.Debug|Any CPU.ActiveCfg = Debug|Any CPU
		{7A065425-5525-4F06-B77C-B1011CB0BD5C}.Debug|Any CPU.Build.0 = Debug|Any CPU
		{7A065425-5525-4F06-B77C-B1011CB0BD5C}.Debug|ARM.ActiveCfg = Debug|Any CPU
		{7A065425-5525-4F06-B77C-B1011CB0BD5C}.Debug|x64.ActiveCfg = Debug|Any CPU
		{7A065425-5525-4F06-B77C-B1011CB0BD5C}.Debug|x86.ActiveCfg = Debug|Any CPU
		{7A065425-5525-4F06-B77C-B1011CB0BD5C}.Release|Any CPU.ActiveCfg = Release|Any CPU
		{7A065425-5525-4F06-B77C-B1011CB0BD5C}.Release|Any CPU.Build.0 = Release|Any CPU
		{7A065425-5525-4F06-B77C-B1011CB0BD5C}.Release|ARM.ActiveCfg = Release|Any CPU
		{7A065425-5525-4F06-B77C-B1011CB0BD5C}.Release|x64.ActiveCfg = Release|Any CPU
		{7A065425-5525-4F06-B77C-B1011CB0BD5C}.Release|x86.ActiveCfg = Release|Any CPU
		{9FC91318-DAC5-4590-B380-793AFCA0DA5F}.Debug|Any CPU.ActiveCfg = Debug|Any CPU
		{9FC91318-DAC5-4590-B380-793AFCA0DA5F}.Debug|Any CPU.Build.0 = Debug|Any CPU
		{9FC91318-DAC5-4590-B380-793AFCA0DA5F}.Debug|ARM.ActiveCfg = Debug|Any CPU
		{9FC91318-DAC5-4590-B380-793AFCA0DA5F}.Debug|x64.ActiveCfg = Debug|Any CPU
		{9FC91318-DAC5-4590-B380-793AFCA0DA5F}.Debug|x86.ActiveCfg = Debug|Any CPU
		{9FC91318-DAC5-4590-B380-793AFCA0DA5F}.Release|Any CPU.ActiveCfg = Release|Any CPU
		{9FC91318-DAC5-4590-B380-793AFCA0DA5F}.Release|Any CPU.Build.0 = Release|Any CPU
		{9FC91318-DAC5-4590-B380-793AFCA0DA5F}.Release|ARM.ActiveCfg = Release|Any CPU
		{9FC91318-DAC5-4590-B380-793AFCA0DA5F}.Release|x64.ActiveCfg = Release|Any CPU
		{9FC91318-DAC5-4590-B380-793AFCA0DA5F}.Release|x86.ActiveCfg = Release|Any CPU
		{908C5A53-D6C6-4CF4-93A2-56F1AF95836B}.Debug|Any CPU.ActiveCfg = Debug|Any CPU
		{908C5A53-D6C6-4CF4-93A2-56F1AF95836B}.Debug|Any CPU.Build.0 = Debug|Any CPU
		{908C5A53-D6C6-4CF4-93A2-56F1AF95836B}.Debug|ARM.ActiveCfg = Debug|Any CPU
		{908C5A53-D6C6-4CF4-93A2-56F1AF95836B}.Debug|x64.ActiveCfg = Debug|Any CPU
		{908C5A53-D6C6-4CF4-93A2-56F1AF95836B}.Debug|x86.ActiveCfg = Debug|Any CPU
		{908C5A53-D6C6-4CF4-93A2-56F1AF95836B}.Release|Any CPU.ActiveCfg = Release|Any CPU
		{908C5A53-D6C6-4CF4-93A2-56F1AF95836B}.Release|Any CPU.Build.0 = Release|Any CPU
		{908C5A53-D6C6-4CF4-93A2-56F1AF95836B}.Release|ARM.ActiveCfg = Release|Any CPU
		{908C5A53-D6C6-4CF4-93A2-56F1AF95836B}.Release|x64.ActiveCfg = Release|Any CPU
		{908C5A53-D6C6-4CF4-93A2-56F1AF95836B}.Release|x86.ActiveCfg = Release|Any CPU
		{12002FF5-528C-4B54-B6CB-03D126F253D3}.Debug|Any CPU.ActiveCfg = Debug|Any CPU
		{12002FF5-528C-4B54-B6CB-03D126F253D3}.Debug|Any CPU.Build.0 = Debug|Any CPU
		{12002FF5-528C-4B54-B6CB-03D126F253D3}.Debug|ARM.ActiveCfg = Debug|Any CPU
		{12002FF5-528C-4B54-B6CB-03D126F253D3}.Debug|x64.ActiveCfg = Debug|Any CPU
		{12002FF5-528C-4B54-B6CB-03D126F253D3}.Debug|x86.ActiveCfg = Debug|Any CPU
		{12002FF5-528C-4B54-B6CB-03D126F253D3}.Release|Any CPU.ActiveCfg = Release|Any CPU
		{12002FF5-528C-4B54-B6CB-03D126F253D3}.Release|Any CPU.Build.0 = Release|Any CPU
		{12002FF5-528C-4B54-B6CB-03D126F253D3}.Release|ARM.ActiveCfg = Release|Any CPU
		{12002FF5-528C-4B54-B6CB-03D126F253D3}.Release|x64.ActiveCfg = Release|Any CPU
		{12002FF5-528C-4B54-B6CB-03D126F253D3}.Release|x86.ActiveCfg = Release|Any CPU
		{BD0DB0F8-1AD4-43B1-AB3E-48518E22C1EB}.Debug|Any CPU.ActiveCfg = Debug|Any CPU
		{BD0DB0F8-1AD4-43B1-AB3E-48518E22C1EB}.Debug|Any CPU.Build.0 = Debug|Any CPU
		{BD0DB0F8-1AD4-43B1-AB3E-48518E22C1EB}.Debug|ARM.ActiveCfg = Debug|Any CPU
		{BD0DB0F8-1AD4-43B1-AB3E-48518E22C1EB}.Debug|x64.ActiveCfg = Debug|Any CPU
		{BD0DB0F8-1AD4-43B1-AB3E-48518E22C1EB}.Debug|x86.ActiveCfg = Debug|Any CPU
		{BD0DB0F8-1AD4-43B1-AB3E-48518E22C1EB}.Release|Any CPU.ActiveCfg = Release|Any CPU
		{BD0DB0F8-1AD4-43B1-AB3E-48518E22C1EB}.Release|Any CPU.Build.0 = Release|Any CPU
		{BD0DB0F8-1AD4-43B1-AB3E-48518E22C1EB}.Release|ARM.ActiveCfg = Release|Any CPU
		{BD0DB0F8-1AD4-43B1-AB3E-48518E22C1EB}.Release|x64.ActiveCfg = Release|Any CPU
		{BD0DB0F8-1AD4-43B1-AB3E-48518E22C1EB}.Release|x86.ActiveCfg = Release|Any CPU
	EndGlobalSection
	GlobalSection(SolutionProperties) = preSolution
		HideSolutionNode = FALSE
	EndGlobalSection
EndGlobal
